
Microsoft Visual Studio Solution File, Format Version 12.00
# Visual Studio 14
VisualStudioVersion = 14.0.25420.1
MinimumVisualStudioVersion = 10.0.40219.1
Project("{FAE04EC0-301F-11D3-BF4B-00C04F79EFBC}") = "CalcLibrary", "CalcLibrary\CalcLibrary.csproj", "{B06898DE-DD43-4C8A-9118-6B6A8D6D877C}"
EndProject
Project("{FAE04EC0-301F-11D3-BF4B-00C04F79EFBC}") = "Console", "Console\Console.csproj", "{A256BC1E-9437-4C2E-9BA6-A7CE259FF282}"
EndProject
Project("{FAE04EC0-301F-11D3-BF4B-00C04F79EFBC}") = "CalcTest", "CalcTest\CalcTest.csproj", "{41AA7FF7-B40D-489E-A3A2-7B07CBB8C10C}"
EndProject
Project("{FAE04EC0-301F-11D3-BF4B-00C04F79EFBC}") = "CalcGUI", "CalcGUI\CalcGUI.csproj", "{75BB8ED5-7B1F-4041-88B7-1D3B77759551}"
EndProject
Project("{FAE04EC0-301F-11D3-BF4B-00C04F79EFBC}") = "ExcelOperation", "ExcelOperation\ExcelOperation.csproj", "{AEBB9C4E-6040-455B-BC5A-7E8573B4335F}"
EndProject
Project("{FAE04EC0-301F-11D3-BF4B-00C04F79EFBC}") = "WebCalc", "WebCalc\WebCalc.csproj", "{35B4EED9-A778-4A7E-BCE3-AB47FAA881B9}"
EndProject
Global
	GlobalSection(SolutionConfigurationPlatforms) = preSolution
		Debug|Any CPU = Debug|Any CPU
		Release|Any CPU = Release|Any CPU
	EndGlobalSection
	GlobalSection(ProjectConfigurationPlatforms) = postSolution
		{B06898DE-DD43-4C8A-9118-6B6A8D6D877C}.Debug|Any CPU.ActiveCfg = Debug|Any CPU
		{B06898DE-DD43-4C8A-9118-6B6A8D6D877C}.Debug|Any CPU.Build.0 = Debug|Any CPU
		{B06898DE-DD43-4C8A-9118-6B6A8D6D877C}.Release|Any CPU.ActiveCfg = Release|Any CPU
		{B06898DE-DD43-4C8A-9118-6B6A8D6D877C}.Release|Any CPU.Build.0 = Release|Any CPU
		{A256BC1E-9437-4C2E-9BA6-A7CE259FF282}.Debug|Any CPU.ActiveCfg = Debug|Any CPU
		{A256BC1E-9437-4C2E-9BA6-A7CE259FF282}.Debug|Any CPU.Build.0 = Debug|Any CPU
		{A256BC1E-9437-4C2E-9BA6-A7CE259FF282}.Release|Any CPU.ActiveCfg = Release|Any CPU
		{A256BC1E-9437-4C2E-9BA6-A7CE259FF282}.Release|Any CPU.Build.0 = Release|Any CPU
		{41AA7FF7-B40D-489E-A3A2-7B07CBB8C10C}.Debug|Any CPU.ActiveCfg = Debug|Any CPU
		{41AA7FF7-B40D-489E-A3A2-7B07CBB8C10C}.Debug|Any CPU.Build.0 = Debug|Any CPU
		{41AA7FF7-B40D-489E-A3A2-7B07CBB8C10C}.Release|Any CPU.ActiveCfg = Release|Any CPU
		{41AA7FF7-B40D-489E-A3A2-7B07CBB8C10C}.Release|Any CPU.Build.0 = Release|Any CPU
		{75BB8ED5-7B1F-4041-88B7-1D3B77759551}.Debug|Any CPU.ActiveCfg = Debug|Any CPU
		{75BB8ED5-7B1F-4041-88B7-1D3B77759551}.Debug|Any CPU.Build.0 = Debug|Any CPU
		{75BB8ED5-7B1F-4041-88B7-1D3B77759551}.Release|Any CPU.ActiveCfg = Release|Any CPU
		{75BB8ED5-7B1F-4041-88B7-1D3B77759551}.Release|Any CPU.Build.0 = Release|Any CPU
		{AEBB9C4E-6040-455B-BC5A-7E8573B4335F}.Debug|Any CPU.ActiveCfg = Debug|Any CPU
		{AEBB9C4E-6040-455B-BC5A-7E8573B4335F}.Debug|Any CPU.Build.0 = Debug|Any CPU
		{AEBB9C4E-6040-455B-BC5A-7E8573B4335F}.Release|Any CPU.ActiveCfg = Release|Any CPU
		{AEBB9C4E-6040-455B-BC5A-7E8573B4335F}.Release|Any CPU.Build.0 = Release|Any CPU
		{35B4EED9-A778-4A7E-BCE3-AB47FAA881B9}.Debug|Any CPU.ActiveCfg = Debug|Any CPU
		{35B4EED9-A778-4A7E-BCE3-AB47FAA881B9}.Debug|Any CPU.Build.0 = Debug|Any CPU
		{35B4EED9-A778-4A7E-BCE3-AB47FAA881B9}.Release|Any CPU.ActiveCfg = Release|Any CPU
		{35B4EED9-A778-4A7E-BCE3-AB47FAA881B9}.Release|Any CPU.Build.0 = Release|Any CPU
	EndGlobalSection
	GlobalSection(SolutionProperties) = preSolution
		HideSolutionNode = FALSE
	EndGlobalSection
EndGlobal
